
Microsoft Visual Studio Solution File, Format Version 12.00
# Visual Studio Version 17
VisualStudioVersion = 17.0.31903.59
MinimumVisualStudioVersion = 10.0.40219.1
Project("{2150E333-8FDC-42A3-9474-1A3956D46DE8}") = "src", "src", "{827E0CD3-B72D-47B6-A68D-7590B98EB39B}"
EndProject
Project("{FAE04EC0-301F-11D3-BF4B-00C04F79EFBC}") = "Shared", "src\Shared\Shared.csproj", "{A5A060DE-9B00-4AAB-A6F6-3FCCDA5D10B4}"
EndProject
Project("{FAE04EC0-301F-11D3-BF4B-00C04F79EFBC}") = "OrderProducer", "src\OrderProducer\OrderProducer.csproj", "{E2A9E73F-1119-4B00-92AD-214FF618853D}"
EndProject
Project("{FAE04EC0-301F-11D3-BF4B-00C04F79EFBC}") = "OrderIntake.Domain", "src\OrderIntake\OrderIntake.Domain\OrderIntake.Domain.csproj", "{C3F14ADD-7423-49F2-A2F7-222C4A467CE3}"
EndProject
Project("{FAE04EC0-301F-11D3-BF4B-00C04F79EFBC}") = "OrderIntake.Application", "src\OrderIntake\OrderIntake.Application\OrderIntake.Application.csproj", "{034F3C54-B856-4368-B0A7-3588713DEB8E}"
EndProject
Project("{FAE04EC0-301F-11D3-BF4B-00C04F79EFBC}") = "OrderIntake.Infrastructure", "src\OrderIntake\OrderIntake.Infrastructure\OrderIntake.Infrastructure.csproj", "{CCB9BA2C-7C3D-482F-9DD8-962195DBCDC2}"
EndProject
Project("{FAE04EC0-301F-11D3-BF4B-00C04F79EFBC}") = "OrderIntake.Api", "src\OrderIntake\OrderIntake.Api\OrderIntake.Api.csproj", "{EEC7B643-6C77-4420-9A2D-E80502AE8F57}"
EndProject
Project("{FAE04EC0-301F-11D3-BF4B-00C04F79EFBC}") = "PaymentService.Domain", "src\PaymentService\PaymentService.Domain\PaymentService.Domain.csproj", "{ECAD243B-603C-4AEB-908E-A75933ED4F4E}"
EndProject
Project("{FAE04EC0-301F-11D3-BF4B-00C04F79EFBC}") = "PaymentService.Application", "src\PaymentService\PaymentService.Application\PaymentService.Application.csproj", "{78A84C5E-463A-4F9D-A1F7-F9867AFFABC8}"
EndProject
Project("{FAE04EC0-301F-11D3-BF4B-00C04F79EFBC}") = "PaymentService.Infrastructure", "src\PaymentService\PaymentService.Infrastructure\PaymentService.Infrastructure.csproj", "{EF7C9DD3-6FF2-4042-9F40-8DC4450B6D6C}"
EndProject
Project("{FAE04EC0-301F-11D3-BF4B-00C04F79EFBC}") = "PaymentService.Api", "src\PaymentService\PaymentService.Api\PaymentService.Api.csproj", "{DB6A7B6B-CE75-46D3-93BF-931C339273C9}"
EndProject
Project("{FAE04EC0-301F-11D3-BF4B-00C04F79EFBC}") = "OrderOrchestrator.Domain", "src\OrderOrchestrator\OrderOrchestrator.Domain\OrderOrchestrator.Domain.csproj", "{778AB7BA-3A34-432B-8664-EBC50EC51CC0}"
EndProject
Project("{FAE04EC0-301F-11D3-BF4B-00C04F79EFBC}") = "OrderOrchestrator.Application", "src\OrderOrchestrator\OrderOrchestrator.Application\OrderOrchestrator.Application.csproj", "{57EB575B-4607-4B50-9D9E-96AE18569523}"
EndProject
Project("{FAE04EC0-301F-11D3-BF4B-00C04F79EFBC}") = "OrderOrchestrator.Infrastructure", "src\OrderOrchestrator\OrderOrchestrator.Infrastructure\OrderOrchestrator.Infrastructure.csproj", "{87F3151C-332D-4B56-87CC-9CFC3EAC58BA}"
EndProject
Project("{FAE04EC0-301F-11D3-BF4B-00C04F79EFBC}") = "OrderOrchestrator.Api", "src\OrderOrchestrator\OrderOrchestrator.Api\OrderOrchestrator.Api.csproj", "{F49B6169-10F7-40E2-8159-CB5D7EAACB12}"
EndProject
Project("{FAE04EC0-301F-11D3-BF4B-00C04F79EFBC}") = "StockService", "src\Mocks\StockService\StockService.csproj", "{B7E338C1-7DC6-4456-9113-F18DF44FA0EB}"
EndProject
Project("{FAE04EC0-301F-11D3-BF4B-00C04F79EFBC}") = "PaymentGateway", "src\Mocks\PaymentGateway\PaymentGateway.csproj", "{080FA41C-58BD-48BE-A734-E79A7256E600}"
EndProject
Project("{FAE04EC0-301F-11D3-BF4B-00C04F79EFBC}") = "OrderIntake.UnitTests", "tests\OrderIntake.UnitTests\OrderIntake.UnitTests.csproj", "{A485A44C-AE56-446A-BBE9-FA356304C794}"
EndProject
Project("{FAE04EC0-301F-11D3-BF4B-00C04F79EFBC}") = "OrderIntake.IntegrationTests", "tests\OrderIntake.IntegrationTests\OrderIntake.IntegrationTests.csproj", "{59CEF73E-EBAF-43B0-A075-5AB642D0E23E}"
EndProject
Project("{FAE04EC0-301F-11D3-BF4B-00C04F79EFBC}") = "PaymentService.UnitTests", "tests\PaymentService.UnitTests\PaymentService.UnitTests.csproj", "{EC62EB89-B2B0-47CA-BD99-1E0300B83A9A}"
EndProject
Project("{FAE04EC0-301F-11D3-BF4B-00C04F79EFBC}") = "PaymentService.IntegrationTests", "tests\PaymentService.IntegrationTests\PaymentService.IntegrationTests.csproj", "{AE72CA53-362C-4B88-B7AC-19B040D62871}"
EndProject
Project("{FAE04EC0-301F-11D3-BF4B-00C04F79EFBC}") = "OrderOrchestrator.UnitTests", "tests\OrderOrchestrator.UnitTests\OrderOrchestrator.UnitTests.csproj", "{1788D36E-55D1-4C4C-9C8D-ABFCBE412D03}"
EndProject
Project("{FAE04EC0-301F-11D3-BF4B-00C04F79EFBC}") = "OrderOrchestrator.IntegrationTests", "tests\OrderOrchestrator.IntegrationTests\OrderOrchestrator.IntegrationTests.csproj", "{EC558DA0-2B84-4A3D-B0C7-49AA202AF83B}"
EndProject
Project("{FAE04EC0-301F-11D3-BF4B-00C04F79EFBC}") = "E2E", "tests\E2E\E2E.csproj", "{268CCCD6-C21A-43BA-A052-95FA7410CB90}"
EndProject
Project("{2150E333-8FDC-42A3-9474-1A3956D46DE8}") = "tests", "tests", "{0AB3BF05-4346-4AA6-1389-037BE0695223}"
EndProject
Project("{FAE04EC0-301F-11D3-BF4B-00C04F79EFBC}") = "OrderProducer.UnitTests", "tests\OrderProducer.UnitTests\OrderProducer.UnitTests.csproj", "{48C6DA3C-1CD9-4A69-96CF-A816A24E5E1B}"
EndProject
Global
	GlobalSection(SolutionConfigurationPlatforms) = preSolution
		Debug|Any CPU = Debug|Any CPU
		Debug|x64 = Debug|x64
		Debug|x86 = Debug|x86
		Release|Any CPU = Release|Any CPU
		Release|x64 = Release|x64
		Release|x86 = Release|x86
	EndGlobalSection
	GlobalSection(ProjectConfigurationPlatforms) = postSolution
		{A5A060DE-9B00-4AAB-A6F6-3FCCDA5D10B4}.Debug|Any CPU.ActiveCfg = Debug|Any CPU
		{A5A060DE-9B00-4AAB-A6F6-3FCCDA5D10B4}.Debug|Any CPU.Build.0 = Debug|Any CPU
		{A5A060DE-9B00-4AAB-A6F6-3FCCDA5D10B4}.Debug|x64.ActiveCfg = Debug|Any CPU
		{A5A060DE-9B00-4AAB-A6F6-3FCCDA5D10B4}.Debug|x64.Build.0 = Debug|Any CPU
		{A5A060DE-9B00-4AAB-A6F6-3FCCDA5D10B4}.Debug|x86.ActiveCfg = Debug|Any CPU
		{A5A060DE-9B00-4AAB-A6F6-3FCCDA5D10B4}.Debug|x86.Build.0 = Debug|Any CPU
		{A5A060DE-9B00-4AAB-A6F6-3FCCDA5D10B4}.Release|Any CPU.ActiveCfg = Release|Any CPU
		{A5A060DE-9B00-4AAB-A6F6-3FCCDA5D10B4}.Release|Any CPU.Build.0 = Release|Any CPU
		{A5A060DE-9B00-4AAB-A6F6-3FCCDA5D10B4}.Release|x64.ActiveCfg = Release|Any CPU
		{A5A060DE-9B00-4AAB-A6F6-3FCCDA5D10B4}.Release|x64.Build.0 = Release|Any CPU
		{A5A060DE-9B00-4AAB-A6F6-3FCCDA5D10B4}.Release|x86.ActiveCfg = Release|Any CPU
		{A5A060DE-9B00-4AAB-A6F6-3FCCDA5D10B4}.Release|x86.Build.0 = Release|Any CPU
		{E2A9E73F-1119-4B00-92AD-214FF618853D}.Debug|Any CPU.ActiveCfg = Debug|Any CPU
		{E2A9E73F-1119-4B00-92AD-214FF618853D}.Debug|Any CPU.Build.0 = Debug|Any CPU
		{E2A9E73F-1119-4B00-92AD-214FF618853D}.Debug|x64.ActiveCfg = Debug|Any CPU
		{E2A9E73F-1119-4B00-92AD-214FF618853D}.Debug|x64.Build.0 = Debug|Any CPU
		{E2A9E73F-1119-4B00-92AD-214FF618853D}.Debug|x86.ActiveCfg = Debug|Any CPU
		{E2A9E73F-1119-4B00-92AD-214FF618853D}.Debug|x86.Build.0 = Debug|Any CPU
		{E2A9E73F-1119-4B00-92AD-214FF618853D}.Release|Any CPU.ActiveCfg = Release|Any CPU
		{E2A9E73F-1119-4B00-92AD-214FF618853D}.Release|Any CPU.Build.0 = Release|Any CPU
		{E2A9E73F-1119-4B00-92AD-214FF618853D}.Release|x64.ActiveCfg = Release|Any CPU
		{E2A9E73F-1119-4B00-92AD-214FF618853D}.Release|x64.Build.0 = Release|Any CPU
		{E2A9E73F-1119-4B00-92AD-214FF618853D}.Release|x86.ActiveCfg = Release|Any CPU
		{E2A9E73F-1119-4B00-92AD-214FF618853D}.Release|x86.Build.0 = Release|Any CPU
		{C3F14ADD-7423-49F2-A2F7-222C4A467CE3}.Debug|Any CPU.ActiveCfg = Debug|Any CPU
		{C3F14ADD-7423-49F2-A2F7-222C4A467CE3}.Debug|Any CPU.Build.0 = Debug|Any CPU
		{C3F14ADD-7423-49F2-A2F7-222C4A467CE3}.Debug|x64.ActiveCfg = Debug|Any CPU
		{C3F14ADD-7423-49F2-A2F7-222C4A467CE3}.Debug|x64.Build.0 = Debug|Any CPU
		{C3F14ADD-7423-49F2-A2F7-222C4A467CE3}.Debug|x86.ActiveCfg = Debug|Any CPU
		{C3F14ADD-7423-49F2-A2F7-222C4A467CE3}.Debug|x86.Build.0 = Debug|Any CPU
		{C3F14ADD-7423-49F2-A2F7-222C4A467CE3}.Release|Any CPU.ActiveCfg = Release|Any CPU
		{C3F14ADD-7423-49F2-A2F7-222C4A467CE3}.Release|Any CPU.Build.0 = Release|Any CPU
		{C3F14ADD-7423-49F2-A2F7-222C4A467CE3}.Release|x64.ActiveCfg = Release|Any CPU
		{C3F14ADD-7423-49F2-A2F7-222C4A467CE3}.Release|x64.Build.0 = Release|Any CPU
		{C3F14ADD-7423-49F2-A2F7-222C4A467CE3}.Release|x86.ActiveCfg = Release|Any CPU
		{C3F14ADD-7423-49F2-A2F7-222C4A467CE3}.Release|x86.Build.0 = Release|Any CPU
		{034F3C54-B856-4368-B0A7-3588713DEB8E}.Debug|Any CPU.ActiveCfg = Debug|Any CPU
		{034F3C54-B856-4368-B0A7-3588713DEB8E}.Debug|Any CPU.Build.0 = Debug|Any CPU
		{034F3C54-B856-4368-B0A7-3588713DEB8E}.Debug|x64.ActiveCfg = Debug|Any CPU
		{034F3C54-B856-4368-B0A7-3588713DEB8E}.Debug|x64.Build.0 = Debug|Any CPU
		{034F3C54-B856-4368-B0A7-3588713DEB8E}.Debug|x86.ActiveCfg = Debug|Any CPU
		{034F3C54-B856-4368-B0A7-3588713DEB8E}.Debug|x86.Build.0 = Debug|Any CPU
		{034F3C54-B856-4368-B0A7-3588713DEB8E}.Release|Any CPU.ActiveCfg = Release|Any CPU
		{034F3C54-B856-4368-B0A7-3588713DEB8E}.Release|Any CPU.Build.0 = Release|Any CPU
		{034F3C54-B856-4368-B0A7-3588713DEB8E}.Release|x64.ActiveCfg = Release|Any CPU
		{034F3C54-B856-4368-B0A7-3588713DEB8E}.Release|x64.Build.0 = Release|Any CPU
		{034F3C54-B856-4368-B0A7-3588713DEB8E}.Release|x86.ActiveCfg = Release|Any CPU
		{034F3C54-B856-4368-B0A7-3588713DEB8E}.Release|x86.Build.0 = Release|Any CPU
		{CCB9BA2C-7C3D-482F-9DD8-962195DBCDC2}.Debug|Any CPU.ActiveCfg = Debug|Any CPU
		{CCB9BA2C-7C3D-482F-9DD8-962195DBCDC2}.Debug|Any CPU.Build.0 = Debug|Any CPU
		{CCB9BA2C-7C3D-482F-9DD8-962195DBCDC2}.Debug|x64.ActiveCfg = Debug|Any CPU
		{CCB9BA2C-7C3D-482F-9DD8-962195DBCDC2}.Debug|x64.Build.0 = Debug|Any CPU
		{CCB9BA2C-7C3D-482F-9DD8-962195DBCDC2}.Debug|x86.ActiveCfg = Debug|Any CPU
		{CCB9BA2C-7C3D-482F-9DD8-962195DBCDC2}.Debug|x86.Build.0 = Debug|Any CPU
		{CCB9BA2C-7C3D-482F-9DD8-962195DBCDC2}.Release|Any CPU.ActiveCfg = Release|Any CPU
		{CCB9BA2C-7C3D-482F-9DD8-962195DBCDC2}.Release|Any CPU.Build.0 = Release|Any CPU
		{CCB9BA2C-7C3D-482F-9DD8-962195DBCDC2}.Release|x64.ActiveCfg = Release|Any CPU
		{CCB9BA2C-7C3D-482F-9DD8-962195DBCDC2}.Release|x64.Build.0 = Release|Any CPU
		{CCB9BA2C-7C3D-482F-9DD8-962195DBCDC2}.Release|x86.ActiveCfg = Release|Any CPU
		{CCB9BA2C-7C3D-482F-9DD8-962195DBCDC2}.Release|x86.Build.0 = Release|Any CPU
		{EEC7B643-6C77-4420-9A2D-E80502AE8F57}.Debug|Any CPU.ActiveCfg = Debug|Any CPU
		{EEC7B643-6C77-4420-9A2D-E80502AE8F57}.Debug|Any CPU.Build.0 = Debug|Any CPU
		{EEC7B643-6C77-4420-9A2D-E80502AE8F57}.Debug|x64.ActiveCfg = Debug|Any CPU
		{EEC7B643-6C77-4420-9A2D-E80502AE8F57}.Debug|x64.Build.0 = Debug|Any CPU
		{EEC7B643-6C77-4420-9A2D-E80502AE8F57}.Debug|x86.ActiveCfg = Debug|Any CPU
		{EEC7B643-6C77-4420-9A2D-E80502AE8F57}.Debug|x86.Build.0 = Debug|Any CPU
		{EEC7B643-6C77-4420-9A2D-E80502AE8F57}.Release|Any CPU.ActiveCfg = Release|Any CPU
		{EEC7B643-6C77-4420-9A2D-E80502AE8F57}.Release|Any CPU.Build.0 = Release|Any CPU
		{EEC7B643-6C77-4420-9A2D-E80502AE8F57}.Release|x64.ActiveCfg = Release|Any CPU
		{EEC7B643-6C77-4420-9A2D-E80502AE8F57}.Release|x64.Build.0 = Release|Any CPU
		{EEC7B643-6C77-4420-9A2D-E80502AE8F57}.Release|x86.ActiveCfg = Release|Any CPU
		{EEC7B643-6C77-4420-9A2D-E80502AE8F57}.Release|x86.Build.0 = Release|Any CPU
		{ECAD243B-603C-4AEB-908E-A75933ED4F4E}.Debug|Any CPU.ActiveCfg = Debug|Any CPU
		{ECAD243B-603C-4AEB-908E-A75933ED4F4E}.Debug|Any CPU.Build.0 = Debug|Any CPU
		{ECAD243B-603C-4AEB-908E-A75933ED4F4E}.Debug|x64.ActiveCfg = Debug|Any CPU
		{ECAD243B-603C-4AEB-908E-A75933ED4F4E}.Debug|x64.Build.0 = Debug|Any CPU
		{ECAD243B-603C-4AEB-908E-A75933ED4F4E}.Debug|x86.ActiveCfg = Debug|Any CPU
		{ECAD243B-603C-4AEB-908E-A75933ED4F4E}.Debug|x86.Build.0 = Debug|Any CPU
		{ECAD243B-603C-4AEB-908E-A75933ED4F4E}.Release|Any CPU.ActiveCfg = Release|Any CPU
		{ECAD243B-603C-4AEB-908E-A75933ED4F4E}.Release|Any CPU.Build.0 = Release|Any CPU
		{ECAD243B-603C-4AEB-908E-A75933ED4F4E}.Release|x64.ActiveCfg = Release|Any CPU
		{ECAD243B-603C-4AEB-908E-A75933ED4F4E}.Release|x64.Build.0 = Release|Any CPU
		{ECAD243B-603C-4AEB-908E-A75933ED4F4E}.Release|x86.ActiveCfg = Release|Any CPU
		{ECAD243B-603C-4AEB-908E-A75933ED4F4E}.Release|x86.Build.0 = Release|Any CPU
		{78A84C5E-463A-4F9D-A1F7-F9867AFFABC8}.Debug|Any CPU.ActiveCfg = Debug|Any CPU
		{78A84C5E-463A-4F9D-A1F7-F9867AFFABC8}.Debug|Any CPU.Build.0 = Debug|Any CPU
		{78A84C5E-463A-4F9D-A1F7-F9867AFFABC8}.Debug|x64.ActiveCfg = Debug|Any CPU
		{78A84C5E-463A-4F9D-A1F7-F9867AFFABC8}.Debug|x64.Build.0 = Debug|Any CPU
		{78A84C5E-463A-4F9D-A1F7-F9867AFFABC8}.Debug|x86.ActiveCfg = Debug|Any CPU
		{78A84C5E-463A-4F9D-A1F7-F9867AFFABC8}.Debug|x86.Build.0 = Debug|Any CPU
		{78A84C5E-463A-4F9D-A1F7-F9867AFFABC8}.Release|Any CPU.ActiveCfg = Release|Any CPU
		{78A84C5E-463A-4F9D-A1F7-F9867AFFABC8}.Release|Any CPU.Build.0 = Release|Any CPU
		{78A84C5E-463A-4F9D-A1F7-F9867AFFABC8}.Release|x64.ActiveCfg = Release|Any CPU
		{78A84C5E-463A-4F9D-A1F7-F9867AFFABC8}.Release|x64.Build.0 = Release|Any CPU
		{78A84C5E-463A-4F9D-A1F7-F9867AFFABC8}.Release|x86.ActiveCfg = Release|Any CPU
		{78A84C5E-463A-4F9D-A1F7-F9867AFFABC8}.Release|x86.Build.0 = Release|Any CPU
		{EF7C9DD3-6FF2-4042-9F40-8DC4450B6D6C}.Debug|Any CPU.ActiveCfg = Debug|Any CPU
		{EF7C9DD3-6FF2-4042-9F40-8DC4450B6D6C}.Debug|Any CPU.Build.0 = Debug|Any CPU
		{EF7C9DD3-6FF2-4042-9F40-8DC4450B6D6C}.Debug|x64.ActiveCfg = Debug|Any CPU
		{EF7C9DD3-6FF2-4042-9F40-8DC4450B6D6C}.Debug|x64.Build.0 = Debug|Any CPU
		{EF7C9DD3-6FF2-4042-9F40-8DC4450B6D6C}.Debug|x86.ActiveCfg = Debug|Any CPU
		{EF7C9DD3-6FF2-4042-9F40-8DC4450B6D6C}.Debug|x86.Build.0 = Debug|Any CPU
		{EF7C9DD3-6FF2-4042-9F40-8DC4450B6D6C}.Release|Any CPU.ActiveCfg = Release|Any CPU
		{EF7C9DD3-6FF2-4042-9F40-8DC4450B6D6C}.Release|Any CPU.Build.0 = Release|Any CPU
		{EF7C9DD3-6FF2-4042-9F40-8DC4450B6D6C}.Release|x64.ActiveCfg = Release|Any CPU
		{EF7C9DD3-6FF2-4042-9F40-8DC4450B6D6C}.Release|x64.Build.0 = Release|Any CPU
		{EF7C9DD3-6FF2-4042-9F40-8DC4450B6D6C}.Release|x86.ActiveCfg = Release|Any CPU
		{EF7C9DD3-6FF2-4042-9F40-8DC4450B6D6C}.Release|x86.Build.0 = Release|Any CPU
		{DB6A7B6B-CE75-46D3-93BF-931C339273C9}.Debug|Any CPU.ActiveCfg = Debug|Any CPU
		{DB6A7B6B-CE75-46D3-93BF-931C339273C9}.Debug|Any CPU.Build.0 = Debug|Any CPU
		{DB6A7B6B-CE75-46D3-93BF-931C339273C9}.Debug|x64.ActiveCfg = Debug|Any CPU
		{DB6A7B6B-CE75-46D3-93BF-931C339273C9}.Debug|x64.Build.0 = Debug|Any CPU
		{DB6A7B6B-CE75-46D3-93BF-931C339273C9}.Debug|x86.ActiveCfg = Debug|Any CPU
		{DB6A7B6B-CE75-46D3-93BF-931C339273C9}.Debug|x86.Build.0 = Debug|Any CPU
		{DB6A7B6B-CE75-46D3-93BF-931C339273C9}.Release|Any CPU.ActiveCfg = Release|Any CPU
		{DB6A7B6B-CE75-46D3-93BF-931C339273C9}.Release|Any CPU.Build.0 = Release|Any CPU
		{DB6A7B6B-CE75-46D3-93BF-931C339273C9}.Release|x64.ActiveCfg = Release|Any CPU
		{DB6A7B6B-CE75-46D3-93BF-931C339273C9}.Release|x64.Build.0 = Release|Any CPU
		{DB6A7B6B-CE75-46D3-93BF-931C339273C9}.Release|x86.ActiveCfg = Release|Any CPU
		{DB6A7B6B-CE75-46D3-93BF-931C339273C9}.Release|x86.Build.0 = Release|Any CPU
		{778AB7BA-3A34-432B-8664-EBC50EC51CC0}.Debug|Any CPU.ActiveCfg = Debug|Any CPU
		{778AB7BA-3A34-432B-8664-EBC50EC51CC0}.Debug|Any CPU.Build.0 = Debug|Any CPU
		{778AB7BA-3A34-432B-8664-EBC50EC51CC0}.Debug|x64.ActiveCfg = Debug|Any CPU
		{778AB7BA-3A34-432B-8664-EBC50EC51CC0}.Debug|x64.Build.0 = Debug|Any CPU
		{778AB7BA-3A34-432B-8664-EBC50EC51CC0}.Debug|x86.ActiveCfg = Debug|Any CPU
		{778AB7BA-3A34-432B-8664-EBC50EC51CC0}.Debug|x86.Build.0 = Debug|Any CPU
		{778AB7BA-3A34-432B-8664-EBC50EC51CC0}.Release|Any CPU.ActiveCfg = Release|Any CPU
		{778AB7BA-3A34-432B-8664-EBC50EC51CC0}.Release|Any CPU.Build.0 = Release|Any CPU
		{778AB7BA-3A34-432B-8664-EBC50EC51CC0}.Release|x64.ActiveCfg = Release|Any CPU
		{778AB7BA-3A34-432B-8664-EBC50EC51CC0}.Release|x64.Build.0 = Release|Any CPU
		{778AB7BA-3A34-432B-8664-EBC50EC51CC0}.Release|x86.ActiveCfg = Release|Any CPU
		{778AB7BA-3A34-432B-8664-EBC50EC51CC0}.Release|x86.Build.0 = Release|Any CPU
		{57EB575B-4607-4B50-9D9E-96AE18569523}.Debug|Any CPU.ActiveCfg = Debug|Any CPU
		{57EB575B-4607-4B50-9D9E-96AE18569523}.Debug|Any CPU.Build.0 = Debug|Any CPU
		{57EB575B-4607-4B50-9D9E-96AE18569523}.Debug|x64.ActiveCfg = Debug|Any CPU
		{57EB575B-4607-4B50-9D9E-96AE18569523}.Debug|x64.Build.0 = Debug|Any CPU
		{57EB575B-4607-4B50-9D9E-96AE18569523}.Debug|x86.ActiveCfg = Debug|Any CPU
		{57EB575B-4607-4B50-9D9E-96AE18569523}.Debug|x86.Build.0 = Debug|Any CPU
		{57EB575B-4607-4B50-9D9E-96AE18569523}.Release|Any CPU.ActiveCfg = Release|Any CPU
		{57EB575B-4607-4B50-9D9E-96AE18569523}.Release|Any CPU.Build.0 = Release|Any CPU
		{57EB575B-4607-4B50-9D9E-96AE18569523}.Release|x64.ActiveCfg = Release|Any CPU
		{57EB575B-4607-4B50-9D9E-96AE18569523}.Release|x64.Build.0 = Release|Any CPU
		{57EB575B-4607-4B50-9D9E-96AE18569523}.Release|x86.ActiveCfg = Release|Any CPU
		{57EB575B-4607-4B50-9D9E-96AE18569523}.Release|x86.Build.0 = Release|Any CPU
		{87F3151C-332D-4B56-87CC-9CFC3EAC58BA}.Debug|Any CPU.ActiveCfg = Debug|Any CPU
		{87F3151C-332D-4B56-87CC-9CFC3EAC58BA}.Debug|Any CPU.Build.0 = Debug|Any CPU
		{87F3151C-332D-4B56-87CC-9CFC3EAC58BA}.Debug|x64.ActiveCfg = Debug|Any CPU
		{87F3151C-332D-4B56-87CC-9CFC3EAC58BA}.Debug|x64.Build.0 = Debug|Any CPU
		{87F3151C-332D-4B56-87CC-9CFC3EAC58BA}.Debug|x86.ActiveCfg = Debug|Any CPU
		{87F3151C-332D-4B56-87CC-9CFC3EAC58BA}.Debug|x86.Build.0 = Debug|Any CPU
		{87F3151C-332D-4B56-87CC-9CFC3EAC58BA}.Release|Any CPU.ActiveCfg = Release|Any CPU
		{87F3151C-332D-4B56-87CC-9CFC3EAC58BA}.Release|Any CPU.Build.0 = Release|Any CPU
		{87F3151C-332D-4B56-87CC-9CFC3EAC58BA}.Release|x64.ActiveCfg = Release|Any CPU
		{87F3151C-332D-4B56-87CC-9CFC3EAC58BA}.Release|x64.Build.0 = Release|Any CPU
		{87F3151C-332D-4B56-87CC-9CFC3EAC58BA}.Release|x86.ActiveCfg = Release|Any CPU
		{87F3151C-332D-4B56-87CC-9CFC3EAC58BA}.Release|x86.Build.0 = Release|Any CPU
		{F49B6169-10F7-40E2-8159-CB5D7EAACB12}.Debug|Any CPU.ActiveCfg = Debug|Any CPU
		{F49B6169-10F7-40E2-8159-CB5D7EAACB12}.Debug|Any CPU.Build.0 = Debug|Any CPU
		{F49B6169-10F7-40E2-8159-CB5D7EAACB12}.Debug|x64.ActiveCfg = Debug|Any CPU
		{F49B6169-10F7-40E2-8159-CB5D7EAACB12}.Debug|x64.Build.0 = Debug|Any CPU
		{F49B6169-10F7-40E2-8159-CB5D7EAACB12}.Debug|x86.ActiveCfg = Debug|Any CPU
		{F49B6169-10F7-40E2-8159-CB5D7EAACB12}.Debug|x86.Build.0 = Debug|Any CPU
		{F49B6169-10F7-40E2-8159-CB5D7EAACB12}.Release|Any CPU.ActiveCfg = Release|Any CPU
		{F49B6169-10F7-40E2-8159-CB5D7EAACB12}.Release|Any CPU.Build.0 = Release|Any CPU
		{F49B6169-10F7-40E2-8159-CB5D7EAACB12}.Release|x64.ActiveCfg = Release|Any CPU
		{F49B6169-10F7-40E2-8159-CB5D7EAACB12}.Release|x64.Build.0 = Release|Any CPU
		{F49B6169-10F7-40E2-8159-CB5D7EAACB12}.Release|x86.ActiveCfg = Release|Any CPU
		{F49B6169-10F7-40E2-8159-CB5D7EAACB12}.Release|x86.Build.0 = Release|Any CPU
		{B7E338C1-7DC6-4456-9113-F18DF44FA0EB}.Debug|Any CPU.ActiveCfg = Debug|Any CPU
		{B7E338C1-7DC6-4456-9113-F18DF44FA0EB}.Debug|Any CPU.Build.0 = Debug|Any CPU
		{B7E338C1-7DC6-4456-9113-F18DF44FA0EB}.Debug|x64.ActiveCfg = Debug|Any CPU
		{B7E338C1-7DC6-4456-9113-F18DF44FA0EB}.Debug|x64.Build.0 = Debug|Any CPU
		{B7E338C1-7DC6-4456-9113-F18DF44FA0EB}.Debug|x86.ActiveCfg = Debug|Any CPU
		{B7E338C1-7DC6-4456-9113-F18DF44FA0EB}.Debug|x86.Build.0 = Debug|Any CPU
		{B7E338C1-7DC6-4456-9113-F18DF44FA0EB}.Release|Any CPU.ActiveCfg = Release|Any CPU
		{B7E338C1-7DC6-4456-9113-F18DF44FA0EB}.Release|Any CPU.Build.0 = Release|Any CPU
		{B7E338C1-7DC6-4456-9113-F18DF44FA0EB}.Release|x64.ActiveCfg = Release|Any CPU
		{B7E338C1-7DC6-4456-9113-F18DF44FA0EB}.Release|x64.Build.0 = Release|Any CPU
		{B7E338C1-7DC6-4456-9113-F18DF44FA0EB}.Release|x86.ActiveCfg = Release|Any CPU
		{B7E338C1-7DC6-4456-9113-F18DF44FA0EB}.Release|x86.Build.0 = Release|Any CPU
		{080FA41C-58BD-48BE-A734-E79A7256E600}.Debug|Any CPU.ActiveCfg = Debug|Any CPU
		{080FA41C-58BD-48BE-A734-E79A7256E600}.Debug|Any CPU.Build.0 = Debug|Any CPU
		{080FA41C-58BD-48BE-A734-E79A7256E600}.Debug|x64.ActiveCfg = Debug|Any CPU
		{080FA41C-58BD-48BE-A734-E79A7256E600}.Debug|x64.Build.0 = Debug|Any CPU
		{080FA41C-58BD-48BE-A734-E79A7256E600}.Debug|x86.ActiveCfg = Debug|Any CPU
		{080FA41C-58BD-48BE-A734-E79A7256E600}.Debug|x86.Build.0 = Debug|Any CPU
		{080FA41C-58BD-48BE-A734-E79A7256E600}.Release|Any CPU.ActiveCfg = Release|Any CPU
		{080FA41C-58BD-48BE-A734-E79A7256E600}.Release|Any CPU.Build.0 = Release|Any CPU
		{080FA41C-58BD-48BE-A734-E79A7256E600}.Release|x64.ActiveCfg = Release|Any CPU
		{080FA41C-58BD-48BE-A734-E79A7256E600}.Release|x64.Build.0 = Release|Any CPU
		{080FA41C-58BD-48BE-A734-E79A7256E600}.Release|x86.ActiveCfg = Release|Any CPU
		{080FA41C-58BD-48BE-A734-E79A7256E600}.Release|x86.Build.0 = Release|Any CPU
		{A485A44C-AE56-446A-BBE9-FA356304C794}.Debug|Any CPU.ActiveCfg = Debug|Any CPU
		{A485A44C-AE56-446A-BBE9-FA356304C794}.Debug|Any CPU.Build.0 = Debug|Any CPU
		{A485A44C-AE56-446A-BBE9-FA356304C794}.Debug|x64.ActiveCfg = Debug|Any CPU
		{A485A44C-AE56-446A-BBE9-FA356304C794}.Debug|x64.Build.0 = Debug|Any CPU
		{A485A44C-AE56-446A-BBE9-FA356304C794}.Debug|x86.ActiveCfg = Debug|Any CPU
		{A485A44C-AE56-446A-BBE9-FA356304C794}.Debug|x86.Build.0 = Debug|Any CPU
		{A485A44C-AE56-446A-BBE9-FA356304C794}.Release|Any CPU.ActiveCfg = Release|Any CPU
		{A485A44C-AE56-446A-BBE9-FA356304C794}.Release|Any CPU.Build.0 = Release|Any CPU
		{A485A44C-AE56-446A-BBE9-FA356304C794}.Release|x64.ActiveCfg = Release|Any CPU
		{A485A44C-AE56-446A-BBE9-FA356304C794}.Release|x64.Build.0 = Release|Any CPU
		{A485A44C-AE56-446A-BBE9-FA356304C794}.Release|x86.ActiveCfg = Release|Any CPU
		{A485A44C-AE56-446A-BBE9-FA356304C794}.Release|x86.Build.0 = Release|Any CPU
		{59CEF73E-EBAF-43B0-A075-5AB642D0E23E}.Debug|Any CPU.ActiveCfg = Debug|Any CPU
		{59CEF73E-EBAF-43B0-A075-5AB642D0E23E}.Debug|Any CPU.Build.0 = Debug|Any CPU
		{59CEF73E-EBAF-43B0-A075-5AB642D0E23E}.Debug|x64.ActiveCfg = Debug|Any CPU
		{59CEF73E-EBAF-43B0-A075-5AB642D0E23E}.Debug|x64.Build.0 = Debug|Any CPU
		{59CEF73E-EBAF-43B0-A075-5AB642D0E23E}.Debug|x86.ActiveCfg = Debug|Any CPU
		{59CEF73E-EBAF-43B0-A075-5AB642D0E23E}.Debug|x86.Build.0 = Debug|Any CPU
		{59CEF73E-EBAF-43B0-A075-5AB642D0E23E}.Release|Any CPU.ActiveCfg = Release|Any CPU
		{59CEF73E-EBAF-43B0-A075-5AB642D0E23E}.Release|Any CPU.Build.0 = Release|Any CPU
		{59CEF73E-EBAF-43B0-A075-5AB642D0E23E}.Release|x64.ActiveCfg = Release|Any CPU
		{59CEF73E-EBAF-43B0-A075-5AB642D0E23E}.Release|x64.Build.0 = Release|Any CPU
		{59CEF73E-EBAF-43B0-A075-5AB642D0E23E}.Release|x86.ActiveCfg = Release|Any CPU
		{59CEF73E-EBAF-43B0-A075-5AB642D0E23E}.Release|x86.Build.0 = Release|Any CPU
		{EC62EB89-B2B0-47CA-BD99-1E0300B83A9A}.Debug|Any CPU.ActiveCfg = Debug|Any CPU
		{EC62EB89-B2B0-47CA-BD99-1E0300B83A9A}.Debug|Any CPU.Build.0 = Debug|Any CPU
		{EC62EB89-B2B0-47CA-BD99-1E0300B83A9A}.Debug|x64.ActiveCfg = Debug|Any CPU
		{EC62EB89-B2B0-47CA-BD99-1E0300B83A9A}.Debug|x64.Build.0 = Debug|Any CPU
		{EC62EB89-B2B0-47CA-BD99-1E0300B83A9A}.Debug|x86.ActiveCfg = Debug|Any CPU
		{EC62EB89-B2B0-47CA-BD99-1E0300B83A9A}.Debug|x86.Build.0 = Debug|Any CPU
		{EC62EB89-B2B0-47CA-BD99-1E0300B83A9A}.Release|Any CPU.ActiveCfg = Release|Any CPU
		{EC62EB89-B2B0-47CA-BD99-1E0300B83A9A}.Release|Any CPU.Build.0 = Release|Any CPU
		{EC62EB89-B2B0-47CA-BD99-1E0300B83A9A}.Release|x64.ActiveCfg = Release|Any CPU
		{EC62EB89-B2B0-47CA-BD99-1E0300B83A9A}.Release|x64.Build.0 = Release|Any CPU
		{EC62EB89-B2B0-47CA-BD99-1E0300B83A9A}.Release|x86.ActiveCfg = Release|Any CPU
		{EC62EB89-B2B0-47CA-BD99-1E0300B83A9A}.Release|x86.Build.0 = Release|Any CPU
		{AE72CA53-362C-4B88-B7AC-19B040D62871}.Debug|Any CPU.ActiveCfg = Debug|Any CPU
		{AE72CA53-362C-4B88-B7AC-19B040D62871}.Debug|Any CPU.Build.0 = Debug|Any CPU
		{AE72CA53-362C-4B88-B7AC-19B040D62871}.Debug|x64.ActiveCfg = Debug|Any CPU
		{AE72CA53-362C-4B88-B7AC-19B040D62871}.Debug|x64.Build.0 = Debug|Any CPU
		{AE72CA53-362C-4B88-B7AC-19B040D62871}.Debug|x86.ActiveCfg = Debug|Any CPU
		{AE72CA53-362C-4B88-B7AC-19B040D62871}.Debug|x86.Build.0 = Debug|Any CPU
		{AE72CA53-362C-4B88-B7AC-19B040D62871}.Release|Any CPU.ActiveCfg = Release|Any CPU
		{AE72CA53-362C-4B88-B7AC-19B040D62871}.Release|Any CPU.Build.0 = Release|Any CPU
		{AE72CA53-362C-4B88-B7AC-19B040D62871}.Release|x64.ActiveCfg = Release|Any CPU
		{AE72CA53-362C-4B88-B7AC-19B040D62871}.Release|x64.Build.0 = Release|Any CPU
		{AE72CA53-362C-4B88-B7AC-19B040D62871}.Release|x86.ActiveCfg = Release|Any CPU
		{AE72CA53-362C-4B88-B7AC-19B040D62871}.Release|x86.Build.0 = Release|Any CPU
		{1788D36E-55D1-4C4C-9C8D-ABFCBE412D03}.Debug|Any CPU.ActiveCfg = Debug|Any CPU
		{1788D36E-55D1-4C4C-9C8D-ABFCBE412D03}.Debug|Any CPU.Build.0 = Debug|Any CPU
		{1788D36E-55D1-4C4C-9C8D-ABFCBE412D03}.Debug|x64.ActiveCfg = Debug|Any CPU
		{1788D36E-55D1-4C4C-9C8D-ABFCBE412D03}.Debug|x64.Build.0 = Debug|Any CPU
		{1788D36E-55D1-4C4C-9C8D-ABFCBE412D03}.Debug|x86.ActiveCfg = Debug|Any CPU
		{1788D36E-55D1-4C4C-9C8D-ABFCBE412D03}.Debug|x86.Build.0 = Debug|Any CPU
		{1788D36E-55D1-4C4C-9C8D-ABFCBE412D03}.Release|Any CPU.ActiveCfg = Release|Any CPU
		{1788D36E-55D1-4C4C-9C8D-ABFCBE412D03}.Release|Any CPU.Build.0 = Release|Any CPU
		{1788D36E-55D1-4C4C-9C8D-ABFCBE412D03}.Release|x64.ActiveCfg = Release|Any CPU
		{1788D36E-55D1-4C4C-9C8D-ABFCBE412D03}.Release|x64.Build.0 = Release|Any CPU
		{1788D36E-55D1-4C4C-9C8D-ABFCBE412D03}.Release|x86.ActiveCfg = Release|Any CPU
		{1788D36E-55D1-4C4C-9C8D-ABFCBE412D03}.Release|x86.Build.0 = Release|Any CPU
		{EC558DA0-2B84-4A3D-B0C7-49AA202AF83B}.Debug|Any CPU.ActiveCfg = Debug|Any CPU
		{EC558DA0-2B84-4A3D-B0C7-49AA202AF83B}.Debug|Any CPU.Build.0 = Debug|Any CPU
		{EC558DA0-2B84-4A3D-B0C7-49AA202AF83B}.Debug|x64.ActiveCfg = Debug|Any CPU
		{EC558DA0-2B84-4A3D-B0C7-49AA202AF83B}.Debug|x64.Build.0 = Debug|Any CPU
		{EC558DA0-2B84-4A3D-B0C7-49AA202AF83B}.Debug|x86.ActiveCfg = Debug|Any CPU
		{EC558DA0-2B84-4A3D-B0C7-49AA202AF83B}.Debug|x86.Build.0 = Debug|Any CPU
		{EC558DA0-2B84-4A3D-B0C7-49AA202AF83B}.Release|Any CPU.ActiveCfg = Release|Any CPU
		{EC558DA0-2B84-4A3D-B0C7-49AA202AF83B}.Release|Any CPU.Build.0 = Release|Any CPU
		{EC558DA0-2B84-4A3D-B0C7-49AA202AF83B}.Release|x64.ActiveCfg = Release|Any CPU
		{EC558DA0-2B84-4A3D-B0C7-49AA202AF83B}.Release|x64.Build.0 = Release|Any CPU
		{EC558DA0-2B84-4A3D-B0C7-49AA202AF83B}.Release|x86.ActiveCfg = Release|Any CPU
		{EC558DA0-2B84-4A3D-B0C7-49AA202AF83B}.Release|x86.Build.0 = Release|Any CPU
		{268CCCD6-C21A-43BA-A052-95FA7410CB90}.Debug|Any CPU.ActiveCfg = Debug|Any CPU
		{268CCCD6-C21A-43BA-A052-95FA7410CB90}.Debug|Any CPU.Build.0 = Debug|Any CPU
		{268CCCD6-C21A-43BA-A052-95FA7410CB90}.Debug|x64.ActiveCfg = Debug|Any CPU
		{268CCCD6-C21A-43BA-A052-95FA7410CB90}.Debug|x64.Build.0 = Debug|Any CPU
		{268CCCD6-C21A-43BA-A052-95FA7410CB90}.Debug|x86.ActiveCfg = Debug|Any CPU
		{268CCCD6-C21A-43BA-A052-95FA7410CB90}.Debug|x86.Build.0 = Debug|Any CPU
		{268CCCD6-C21A-43BA-A052-95FA7410CB90}.Release|Any CPU.ActiveCfg = Release|Any CPU
		{268CCCD6-C21A-43BA-A052-95FA7410CB90}.Release|Any CPU.Build.0 = Release|Any CPU
		{268CCCD6-C21A-43BA-A052-95FA7410CB90}.Release|x64.ActiveCfg = Release|Any CPU
		{268CCCD6-C21A-43BA-A052-95FA7410CB90}.Release|x64.Build.0 = Release|Any CPU
		{268CCCD6-C21A-43BA-A052-95FA7410CB90}.Release|x86.ActiveCfg = Release|Any CPU
		{268CCCD6-C21A-43BA-A052-95FA7410CB90}.Release|x86.Build.0 = Release|Any CPU
		{48C6DA3C-1CD9-4A69-96CF-A816A24E5E1B}.Debug|Any CPU.ActiveCfg = Debug|Any CPU
		{48C6DA3C-1CD9-4A69-96CF-A816A24E5E1B}.Debug|Any CPU.Build.0 = Debug|Any CPU
		{48C6DA3C-1CD9-4A69-96CF-A816A24E5E1B}.Debug|x64.ActiveCfg = Debug|Any CPU
		{48C6DA3C-1CD9-4A69-96CF-A816A24E5E1B}.Debug|x64.Build.0 = Debug|Any CPU
		{48C6DA3C-1CD9-4A69-96CF-A816A24E5E1B}.Debug|x86.ActiveCfg = Debug|Any CPU
		{48C6DA3C-1CD9-4A69-96CF-A816A24E5E1B}.Debug|x86.Build.0 = Debug|Any CPU
		{48C6DA3C-1CD9-4A69-96CF-A816A24E5E1B}.Release|Any CPU.ActiveCfg = Release|Any CPU
		{48C6DA3C-1CD9-4A69-96CF-A816A24E5E1B}.Release|Any CPU.Build.0 = Release|Any CPU
		{48C6DA3C-1CD9-4A69-96CF-A816A24E5E1B}.Release|x64.ActiveCfg = Release|Any CPU
		{48C6DA3C-1CD9-4A69-96CF-A816A24E5E1B}.Release|x64.Build.0 = Release|Any CPU
		{48C6DA3C-1CD9-4A69-96CF-A816A24E5E1B}.Release|x86.ActiveCfg = Release|Any CPU
		{48C6DA3C-1CD9-4A69-96CF-A816A24E5E1B}.Release|x86.Build.0 = Release|Any CPU
	EndGlobalSection
	GlobalSection(SolutionProperties) = preSolution
		HideSolutionNode = FALSE
	EndGlobalSection
	GlobalSection(NestedProjects) = preSolution
		{A5A060DE-9B00-4AAB-A6F6-3FCCDA5D10B4} = {827E0CD3-B72D-47B6-A68D-7590B98EB39B}
		{E2A9E73F-1119-4B00-92AD-214FF618853D} = {827E0CD3-B72D-47B6-A68D-7590B98EB39B}
		{C3F14ADD-7423-49F2-A2F7-222C4A467CE3} = {827E0CD3-B72D-47B6-A68D-7590B98EB39B}
		{034F3C54-B856-4368-B0A7-3588713DEB8E} = {827E0CD3-B72D-47B6-A68D-7590B98EB39B}
		{CCB9BA2C-7C3D-482F-9DD8-962195DBCDC2} = {827E0CD3-B72D-47B6-A68D-7590B98EB39B}
		{EEC7B643-6C77-4420-9A2D-E80502AE8F57} = {827E0CD3-B72D-47B6-A68D-7590B98EB39B}
		{ECAD243B-603C-4AEB-908E-A75933ED4F4E} = {827E0CD3-B72D-47B6-A68D-7590B98EB39B}
		{78A84C5E-463A-4F9D-A1F7-F9867AFFABC8} = {827E0CD3-B72D-47B6-A68D-7590B98EB39B}
		{EF7C9DD3-6FF2-4042-9F40-8DC4450B6D6C} = {827E0CD3-B72D-47B6-A68D-7590B98EB39B}
		{DB6A7B6B-CE75-46D3-93BF-931C339273C9} = {827E0CD3-B72D-47B6-A68D-7590B98EB39B}
		{778AB7BA-3A34-432B-8664-EBC50EC51CC0} = {827E0CD3-B72D-47B6-A68D-7590B98EB39B}
		{57EB575B-4607-4B50-9D9E-96AE18569523} = {827E0CD3-B72D-47B6-A68D-7590B98EB39B}
		{87F3151C-332D-4B56-87CC-9CFC3EAC58BA} = {827E0CD3-B72D-47B6-A68D-7590B98EB39B}
		{F49B6169-10F7-40E2-8159-CB5D7EAACB12} = {827E0CD3-B72D-47B6-A68D-7590B98EB39B}
		{B7E338C1-7DC6-4456-9113-F18DF44FA0EB} = {827E0CD3-B72D-47B6-A68D-7590B98EB39B}
		{080FA41C-58BD-48BE-A734-E79A7256E600} = {827E0CD3-B72D-47B6-A68D-7590B98EB39B}
		{A485A44C-AE56-446A-BBE9-FA356304C794} = {827E0CD3-B72D-47B6-A68D-7590B98EB39B}
		{59CEF73E-EBAF-43B0-A075-5AB642D0E23E} = {827E0CD3-B72D-47B6-A68D-7590B98EB39B}
		{EC62EB89-B2B0-47CA-BD99-1E0300B83A9A} = {827E0CD3-B72D-47B6-A68D-7590B98EB39B}
		{AE72CA53-362C-4B88-B7AC-19B040D62871} = {827E0CD3-B72D-47B6-A68D-7590B98EB39B}
		{1788D36E-55D1-4C4C-9C8D-ABFCBE412D03} = {827E0CD3-B72D-47B6-A68D-7590B98EB39B}
		{EC558DA0-2B84-4A3D-B0C7-49AA202AF83B} = {827E0CD3-B72D-47B6-A68D-7590B98EB39B}
		{268CCCD6-C21A-43BA-A052-95FA7410CB90} = {827E0CD3-B72D-47B6-A68D-7590B98EB39B}
		{48C6DA3C-1CD9-4A69-96CF-A816A24E5E1B} = {0AB3BF05-4346-4AA6-1389-037BE0695223}
	EndGlobalSection
EndGlobal
